
Microsoft Visual Studio Solution File, Format Version 12.00
# Visual Studio Version 17
VisualStudioVersion = 17.9.34701.34
MinimumVisualStudioVersion = 10.0.40219.1
Project("{FAE04EC0-301F-11D3-BF4B-00C04F79EFBC}") = "ОООТехносервис", "ОООТехносервис\ОООТехносервис.csproj", "{DA693B3A-C1EA-4A6B-BB4C-07D4418C10A1}"
EndProject
Global
	GlobalSection(SolutionConfigurationPlatforms) = preSolution
		Debug|Any CPU = Debug|Any CPU
		Release|Any CPU = Release|Any CPU
	EndGlobalSection
	GlobalSection(ProjectConfigurationPlatforms) = postSolution
		{DA693B3A-C1EA-4A6B-BB4C-07D4418C10A1}.Debug|Any CPU.ActiveCfg = Debug|Any CPU
		{DA693B3A-C1EA-4A6B-BB4C-07D4418C10A1}.Debug|Any CPU.Build.0 = Debug|Any CPU
		{DA693B3A-C1EA-4A6B-BB4C-07D4418C10A1}.Release|Any CPU.ActiveCfg = Release|Any CPU
		{DA693B3A-C1EA-4A6B-BB4C-07D4418C10A1}.Release|Any CPU.Build.0 = Release|Any CPU
	EndGlobalSection
	GlobalSection(SolutionProperties) = preSolution
		HideSolutionNode = FALSE
	EndGlobalSection
	GlobalSection(ExtensibilityGlobals) = postSolution
		SolutionGuid = {5173705A-9F8B-41EA-A0CA-D1EEA8424F4B}
	EndGlobalSection
EndGlobal
